
Microsoft Visual Studio Solution File, Format Version 12.00
# Visual Studio Version 17
VisualStudioVersion = 17.3.32804.467
MinimumVisualStudioVersion = 10.0.40219.1
Project("{888888A0-9F3D-457C-B088-3A5042F75D52}") = "QRGen", "QRGen.pyproj", "{C2992E38-7657-4C2B-9037-AAFC7D1A18DB}"
EndProject
Global
	GlobalSection(SolutionConfigurationPlatforms) = preSolution
		Debug|Any CPU = Debug|Any CPU
		Release|Any CPU = Release|Any CPU
	EndGlobalSection
	GlobalSection(ProjectConfigurationPlatforms) = postSolution
		{C2992E38-7657-4C2B-9037-AAFC7D1A18DB}.Debug|Any CPU.ActiveCfg = Debug|Any CPU
		{C2992E38-7657-4C2B-9037-AAFC7D1A18DB}.Release|Any CPU.ActiveCfg = Release|Any CPU
	EndGlobalSection
	GlobalSection(SolutionProperties) = preSolution
		HideSolutionNode = FALSE
	EndGlobalSection
	GlobalSection(ExtensibilityGlobals) = postSolution
		SolutionGuid = {63FA40C8-B124-4E0E-A672-7946646B399E}
	EndGlobalSection
EndGlobal
